
Microsoft Visual Studio Solution File, Format Version 11.00
# Visual Studio 2010
Project("{FAE04EC0-301F-11D3-BF4B-00C04F79EFBC}") = "HBM", "HBM\HBM.csproj", "{E81F94A8-80D3-4D68-A5FF-A15C2DCBF2DA}"
EndProject
Project("{FAE04EC0-301F-11D3-BF4B-00C04F79EFBC}") = "HBM.Common", "HBM.Common\HBM.Common.csproj", "{CA21B72F-F6C3-49F6-B2DB-83B735A8777A}"
EndProject
Project("{FAE04EC0-301F-11D3-BF4B-00C04F79EFBC}") = "HBM.Data", "HBM.Data\HBM.Data.csproj", "{787F88B1-64CE-44E2-9F0C-5CCADE0DAC76}"
EndProject
Project("{FAE04EC0-301F-11D3-BF4B-00C04F79EFBC}") = "HBM.Utility", "HBM.Utility\HBM.Utility.csproj", "{95B13785-030E-4F4A-A5C9-C3355B2A9F66}"
EndProject
Project("{FAE04EC0-301F-11D3-BF4B-00C04F79EFBC}") = "HBM.Exception", "HBM.Exception\HBM.Exception.csproj", "{F29E7344-3AD6-4042-A4DD-FBCADA872B21}"
EndProject
Project("{FAE04EC0-301F-11D3-BF4B-00C04F79EFBC}") = "HBM.CustomerManagement", "HBM.CustomerManagement\HBM.CustomerManagement.csproj", "{B318B0B2-8ED7-4786-AE03-79C8CF8562BD}"
EndProject
Project("{FAE04EC0-301F-11D3-BF4B-00C04F79EFBC}") = "HBM.CompanyManagement", "HBM.CompanyManagement\HBM.CompanyManagement.csproj", "{C7D71F13-6EDE-44DF-9C60-A6963098FEA5}"
EndProject
Project("{FAE04EC0-301F-11D3-BF4B-00C04F79EFBC}") = "HBM.UserManagement", "HBM.UserManagement\HBM.UserManagement.csproj", "{EA380B34-3C84-4AC6-A50B-7F7B53D9757E}"
EndProject
Project("{FAE04EC0-301F-11D3-BF4B-00C04F79EFBC}") = "HBM.RoomManagement", "HBM.RoomManagement\HBM.RoomManagement.csproj", "{A75A22F0-F05B-4213-B549-784082EDB419}"
EndProject
Global
	GlobalSection(SolutionConfigurationPlatforms) = preSolution
		Debug|Any CPU = Debug|Any CPU
		Debug|Mixed Platforms = Debug|Mixed Platforms
		Debug|x86 = Debug|x86
		Release|Any CPU = Release|Any CPU
		Release|Mixed Platforms = Release|Mixed Platforms
		Release|x86 = Release|x86
	EndGlobalSection
	GlobalSection(ProjectConfigurationPlatforms) = postSolution
		{E81F94A8-80D3-4D68-A5FF-A15C2DCBF2DA}.Debug|Any CPU.ActiveCfg = Debug|Any CPU
		{E81F94A8-80D3-4D68-A5FF-A15C2DCBF2DA}.Debug|Any CPU.Build.0 = Debug|Any CPU
		{E81F94A8-80D3-4D68-A5FF-A15C2DCBF2DA}.Debug|Mixed Platforms.ActiveCfg = Debug|Any CPU
		{E81F94A8-80D3-4D68-A5FF-A15C2DCBF2DA}.Debug|Mixed Platforms.Build.0 = Debug|Any CPU
		{E81F94A8-80D3-4D68-A5FF-A15C2DCBF2DA}.Debug|x86.ActiveCfg = Debug|Any CPU
		{E81F94A8-80D3-4D68-A5FF-A15C2DCBF2DA}.Release|Any CPU.ActiveCfg = Release|Any CPU
		{E81F94A8-80D3-4D68-A5FF-A15C2DCBF2DA}.Release|Any CPU.Build.0 = Release|Any CPU
		{E81F94A8-80D3-4D68-A5FF-A15C2DCBF2DA}.Release|Mixed Platforms.ActiveCfg = Release|Any CPU
		{E81F94A8-80D3-4D68-A5FF-A15C2DCBF2DA}.Release|Mixed Platforms.Build.0 = Release|Any CPU
		{E81F94A8-80D3-4D68-A5FF-A15C2DCBF2DA}.Release|x86.ActiveCfg = Release|Any CPU
		{CA21B72F-F6C3-49F6-B2DB-83B735A8777A}.Debug|Any CPU.ActiveCfg = Debug|Any CPU
		{CA21B72F-F6C3-49F6-B2DB-83B735A8777A}.Debug|Any CPU.Build.0 = Debug|Any CPU
		{CA21B72F-F6C3-49F6-B2DB-83B735A8777A}.Debug|Mixed Platforms.ActiveCfg = Debug|Any CPU
		{CA21B72F-F6C3-49F6-B2DB-83B735A8777A}.Debug|Mixed Platforms.Build.0 = Debug|Any CPU
		{CA21B72F-F6C3-49F6-B2DB-83B735A8777A}.Debug|x86.ActiveCfg = Debug|Any CPU
		{CA21B72F-F6C3-49F6-B2DB-83B735A8777A}.Release|Any CPU.ActiveCfg = Release|Any CPU
		{CA21B72F-F6C3-49F6-B2DB-83B735A8777A}.Release|Any CPU.Build.0 = Release|Any CPU
		{CA21B72F-F6C3-49F6-B2DB-83B735A8777A}.Release|Mixed Platforms.ActiveCfg = Release|Any CPU
		{CA21B72F-F6C3-49F6-B2DB-83B735A8777A}.Release|Mixed Platforms.Build.0 = Release|Any CPU
		{CA21B72F-F6C3-49F6-B2DB-83B735A8777A}.Release|x86.ActiveCfg = Release|Any CPU
		{787F88B1-64CE-44E2-9F0C-5CCADE0DAC76}.Debug|Any CPU.ActiveCfg = Debug|Any CPU
		{787F88B1-64CE-44E2-9F0C-5CCADE0DAC76}.Debug|Any CPU.Build.0 = Debug|Any CPU
		{787F88B1-64CE-44E2-9F0C-5CCADE0DAC76}.Debug|Mixed Platforms.ActiveCfg = Debug|Any CPU
		{787F88B1-64CE-44E2-9F0C-5CCADE0DAC76}.Debug|Mixed Platforms.Build.0 = Debug|Any CPU
		{787F88B1-64CE-44E2-9F0C-5CCADE0DAC76}.Debug|x86.ActiveCfg = Debug|Any CPU
		{787F88B1-64CE-44E2-9F0C-5CCADE0DAC76}.Release|Any CPU.ActiveCfg = Release|Any CPU
		{787F88B1-64CE-44E2-9F0C-5CCADE0DAC76}.Release|Any CPU.Build.0 = Release|Any CPU
		{787F88B1-64CE-44E2-9F0C-5CCADE0DAC76}.Release|Mixed Platforms.ActiveCfg = Release|Any CPU
		{787F88B1-64CE-44E2-9F0C-5CCADE0DAC76}.Release|Mixed Platforms.Build.0 = Release|Any CPU
		{787F88B1-64CE-44E2-9F0C-5CCADE0DAC76}.Release|x86.ActiveCfg = Release|Any CPU
		{95B13785-030E-4F4A-A5C9-C3355B2A9F66}.Debug|Any CPU.ActiveCfg = Debug|Any CPU
		{95B13785-030E-4F4A-A5C9-C3355B2A9F66}.Debug|Any CPU.Build.0 = Debug|Any CPU
		{95B13785-030E-4F4A-A5C9-C3355B2A9F66}.Debug|Mixed Platforms.ActiveCfg = Debug|Any CPU
		{95B13785-030E-4F4A-A5C9-C3355B2A9F66}.Debug|Mixed Platforms.Build.0 = Debug|Any CPU
		{95B13785-030E-4F4A-A5C9-C3355B2A9F66}.Debug|x86.ActiveCfg = Debug|Any CPU
		{95B13785-030E-4F4A-A5C9-C3355B2A9F66}.Release|Any CPU.ActiveCfg = Release|Any CPU
		{95B13785-030E-4F4A-A5C9-C3355B2A9F66}.Release|Any CPU.Build.0 = Release|Any CPU
		{95B13785-030E-4F4A-A5C9-C3355B2A9F66}.Release|Mixed Platforms.ActiveCfg = Release|Any CPU
		{95B13785-030E-4F4A-A5C9-C3355B2A9F66}.Release|Mixed Platforms.Build.0 = Release|Any CPU
		{95B13785-030E-4F4A-A5C9-C3355B2A9F66}.Release|x86.ActiveCfg = Release|Any CPU
		{F29E7344-3AD6-4042-A4DD-FBCADA872B21}.Debug|Any CPU.ActiveCfg = Debug|Any CPU
		{F29E7344-3AD6-4042-A4DD-FBCADA872B21}.Debug|Any CPU.Build.0 = Debug|Any CPU
		{F29E7344-3AD6-4042-A4DD-FBCADA872B21}.Debug|Mixed Platforms.ActiveCfg = Debug|Any CPU
		{F29E7344-3AD6-4042-A4DD-FBCADA872B21}.Debug|Mixed Platforms.Build.0 = Debug|Any CPU
		{F29E7344-3AD6-4042-A4DD-FBCADA872B21}.Debug|x86.ActiveCfg = Debug|Any CPU
		{F29E7344-3AD6-4042-A4DD-FBCADA872B21}.Release|Any CPU.ActiveCfg = Release|Any CPU
		{F29E7344-3AD6-4042-A4DD-FBCADA872B21}.Release|Any CPU.Build.0 = Release|Any CPU
		{F29E7344-3AD6-4042-A4DD-FBCADA872B21}.Release|Mixed Platforms.ActiveCfg = Release|Any CPU
		{F29E7344-3AD6-4042-A4DD-FBCADA872B21}.Release|Mixed Platforms.Build.0 = Release|Any CPU
		{F29E7344-3AD6-4042-A4DD-FBCADA872B21}.Release|x86.ActiveCfg = Release|Any CPU
		{B318B0B2-8ED7-4786-AE03-79C8CF8562BD}.Debug|Any CPU.ActiveCfg = Debug|Any CPU
		{B318B0B2-8ED7-4786-AE03-79C8CF8562BD}.Debug|Any CPU.Build.0 = Debug|Any CPU
		{B318B0B2-8ED7-4786-AE03-79C8CF8562BD}.Debug|Mixed Platforms.ActiveCfg = Debug|Any CPU
		{B318B0B2-8ED7-4786-AE03-79C8CF8562BD}.Debug|Mixed Platforms.Build.0 = Debug|Any CPU
		{B318B0B2-8ED7-4786-AE03-79C8CF8562BD}.Debug|x86.ActiveCfg = Debug|Any CPU
		{B318B0B2-8ED7-4786-AE03-79C8CF8562BD}.Release|Any CPU.ActiveCfg = Release|Any CPU
		{B318B0B2-8ED7-4786-AE03-79C8CF8562BD}.Release|Any CPU.Build.0 = Release|Any CPU
		{B318B0B2-8ED7-4786-AE03-79C8CF8562BD}.Release|Mixed Platforms.ActiveCfg = Release|Any CPU
		{B318B0B2-8ED7-4786-AE03-79C8CF8562BD}.Release|Mixed Platforms.Build.0 = Release|Any CPU
		{B318B0B2-8ED7-4786-AE03-79C8CF8562BD}.Release|x86.ActiveCfg = Release|Any CPU
		{C7D71F13-6EDE-44DF-9C60-A6963098FEA5}.Debug|Any CPU.ActiveCfg = Debug|Any CPU
		{C7D71F13-6EDE-44DF-9C60-A6963098FEA5}.Debug|Any CPU.Build.0 = Debug|Any CPU
		{C7D71F13-6EDE-44DF-9C60-A6963098FEA5}.Debug|Mixed Platforms.ActiveCfg = Debug|Any CPU
		{C7D71F13-6EDE-44DF-9C60-A6963098FEA5}.Debug|Mixed Platforms.Build.0 = Debug|Any CPU
		{C7D71F13-6EDE-44DF-9C60-A6963098FEA5}.Debug|x86.ActiveCfg = Debug|Any CPU
		{C7D71F13-6EDE-44DF-9C60-A6963098FEA5}.Release|Any CPU.ActiveCfg = Release|Any CPU
		{C7D71F13-6EDE-44DF-9C60-A6963098FEA5}.Release|Any CPU.Build.0 = Release|Any CPU
		{C7D71F13-6EDE-44DF-9C60-A6963098FEA5}.Release|Mixed Platforms.ActiveCfg = Release|Any CPU
		{C7D71F13-6EDE-44DF-9C60-A6963098FEA5}.Release|Mixed Platforms.Build.0 = Release|Any CPU
		{C7D71F13-6EDE-44DF-9C60-A6963098FEA5}.Release|x86.ActiveCfg = Release|Any CPU
		{EA380B34-3C84-4AC6-A50B-7F7B53D9757E}.Debug|Any CPU.ActiveCfg = Debug|Any CPU
		{EA380B34-3C84-4AC6-A50B-7F7B53D9757E}.Debug|Any CPU.Build.0 = Debug|Any CPU
		{EA380B34-3C84-4AC6-A50B-7F7B53D9757E}.Debug|Mixed Platforms.ActiveCfg = Debug|Any CPU
		{EA380B34-3C84-4AC6-A50B-7F7B53D9757E}.Debug|Mixed Platforms.Build.0 = Debug|Any CPU
		{EA380B34-3C84-4AC6-A50B-7F7B53D9757E}.Debug|x86.ActiveCfg = Debug|Any CPU
		{EA380B34-3C84-4AC6-A50B-7F7B53D9757E}.Release|Any CPU.ActiveCfg = Release|Any CPU
		{EA380B34-3C84-4AC6-A50B-7F7B53D9757E}.Release|Any CPU.Build.0 = Release|Any CPU
		{EA380B34-3C84-4AC6-A50B-7F7B53D9757E}.Release|Mixed Platforms.ActiveCfg = Release|Any CPU
		{EA380B34-3C84-4AC6-A50B-7F7B53D9757E}.Release|Mixed Platforms.Build.0 = Release|Any CPU
		{EA380B34-3C84-4AC6-A50B-7F7B53D9757E}.Release|x86.ActiveCfg = Release|Any CPU
		{A75A22F0-F05B-4213-B549-784082EDB419}.Debug|Any CPU.ActiveCfg = Debug|Any CPU
		{A75A22F0-F05B-4213-B549-784082EDB419}.Debug|Any CPU.Build.0 = Debug|Any CPU
		{A75A22F0-F05B-4213-B549-784082EDB419}.Debug|Mixed Platforms.ActiveCfg = Debug|Any CPU
		{A75A22F0-F05B-4213-B549-784082EDB419}.Debug|Mixed Platforms.Build.0 = Debug|Any CPU
		{A75A22F0-F05B-4213-B549-784082EDB419}.Debug|x86.ActiveCfg = Debug|Any CPU
		{A75A22F0-F05B-4213-B549-784082EDB419}.Release|Any CPU.ActiveCfg = Release|Any CPU
		{A75A22F0-F05B-4213-B549-784082EDB419}.Release|Any CPU.Build.0 = Release|Any CPU
		{A75A22F0-F05B-4213-B549-784082EDB419}.Release|Mixed Platforms.ActiveCfg = Release|Any CPU
		{A75A22F0-F05B-4213-B549-784082EDB419}.Release|Mixed Platforms.Build.0 = Release|Any CPU
		{A75A22F0-F05B-4213-B549-784082EDB419}.Release|x86.ActiveCfg = Release|Any CPU
	EndGlobalSection
	GlobalSection(SolutionProperties) = preSolution
		HideSolutionNode = FALSE
	EndGlobalSection
EndGlobal
